
Microsoft Visual Studio Solution File, Format Version 12.00
# Visual Studio Version 16
VisualStudioVersion = 16.0.31911.196
MinimumVisualStudioVersion = 10.0.40219.1
Project("{FAE04EC0-301F-11D3-BF4B-00C04F79EFBC}") = "Sandik.GuvenliDepolama", "Sandik.GuvenliDepolama\Sandik.GuvenliDepolama.csproj", "{E13F9D95-4792-4389-BCC7-40D24851FF47}"
EndProject
Global
	GlobalSection(SolutionConfigurationPlatforms) = preSolution
		Debug|Any CPU = Debug|Any CPU
		Release|Any CPU = Release|Any CPU
	EndGlobalSection
	GlobalSection(ProjectConfigurationPlatforms) = postSolution
		{E13F9D95-4792-4389-BCC7-40D24851FF47}.Debug|Any CPU.ActiveCfg = Debug|Any CPU
		{E13F9D95-4792-4389-BCC7-40D24851FF47}.Debug|Any CPU.Build.0 = Debug|Any CPU
		{E13F9D95-4792-4389-BCC7-40D24851FF47}.Release|Any CPU.ActiveCfg = Release|Any CPU
		{E13F9D95-4792-4389-BCC7-40D24851FF47}.Release|Any CPU.Build.0 = Release|Any CPU
	EndGlobalSection
	GlobalSection(SolutionProperties) = preSolution
		HideSolutionNode = FALSE
	EndGlobalSection
	GlobalSection(ExtensibilityGlobals) = postSolution
		SolutionGuid = {02D2050D-6B4B-4D66-8F12-3525BD3DCF3D}
	EndGlobalSection
EndGlobal
